
Microsoft Visual Studio Solution File, Format Version 12.00
# Visual Studio 14
VisualStudioVersion = 14.0.25420.1
MinimumVisualStudioVersion = 10.0.40219.1
Project("{FAE04EC0-301F-11D3-BF4B-00C04F79EFBC}") = "SupermercadoOnline", "SupermercadoOnline\SupermercadoOnline\SupermercadoOnline.csproj", "{BF97C5FC-6D48-48E3-9A8D-A701A4CF5FB6}"
EndProject
Project("{FAE04EC0-301F-11D3-BF4B-00C04F79EFBC}") = "SupermercadoOnline.Droid", "SupermercadoOnline\SupermercadoOnline.Droid\SupermercadoOnline.Droid.csproj", "{89EF0FBA-111F-49D0-8B0E-9CE219801D9D}"
EndProject
Project("{FAE04EC0-301F-11D3-BF4B-00C04F79EFBC}") = "SupermercadoOnline.iOS", "SupermercadoOnline\SupermercadoOnline.iOS\SupermercadoOnline.iOS.csproj", "{7FF2EE07-B031-449B-BD3E-061BC2404D7B}"
EndProject
Project("{FAE04EC0-301F-11D3-BF4B-00C04F79EFBC}") = "SupermercadoOnline.WinPhone", "SupermercadoOnline\SupermercadoOnline.WinPhone\SupermercadoOnline.WinPhone.csproj", "{8F28711D-560F-4C81-A9D2-60D07942AC63}"
EndProject
Project("{FAE04EC0-301F-11D3-BF4B-00C04F79EFBC}") = "SupermercadoOnline.UWP", "SupermercadoOnline\SupermercadoOnline.UWP\SupermercadoOnline.UWP.csproj", "{187A7788-4B6A-42E4-A453-DC6C6EE3E9A6}"
EndProject
Project("{FAE04EC0-301F-11D3-BF4B-00C04F79EFBC}") = "SupermercadoOnline.Windows", "SupermercadoOnline\SupermercadoOnline.Windows\SupermercadoOnline.Windows.csproj", "{23DBD5B3-4A02-4C08-B5D0-D200EE53E853}"
EndProject
Global
	GlobalSection(SolutionConfigurationPlatforms) = preSolution
		Ad-Hoc|Any CPU = Ad-Hoc|Any CPU
		Ad-Hoc|ARM = Ad-Hoc|ARM
		Ad-Hoc|iPhone = Ad-Hoc|iPhone
		Ad-Hoc|iPhoneSimulator = Ad-Hoc|iPhoneSimulator
		Ad-Hoc|x64 = Ad-Hoc|x64
		Ad-Hoc|x86 = Ad-Hoc|x86
		AppStore|Any CPU = AppStore|Any CPU
		AppStore|ARM = AppStore|ARM
		AppStore|iPhone = AppStore|iPhone
		AppStore|iPhoneSimulator = AppStore|iPhoneSimulator
		AppStore|x64 = AppStore|x64
		AppStore|x86 = AppStore|x86
		Debug|Any CPU = Debug|Any CPU
		Debug|ARM = Debug|ARM
		Debug|iPhone = Debug|iPhone
		Debug|iPhoneSimulator = Debug|iPhoneSimulator
		Debug|x64 = Debug|x64
		Debug|x86 = Debug|x86
		Release|Any CPU = Release|Any CPU
		Release|ARM = Release|ARM
		Release|iPhone = Release|iPhone
		Release|iPhoneSimulator = Release|iPhoneSimulator
		Release|x64 = Release|x64
		Release|x86 = Release|x86
	EndGlobalSection
	GlobalSection(ProjectConfigurationPlatforms) = postSolution
		{BF97C5FC-6D48-48E3-9A8D-A701A4CF5FB6}.Ad-Hoc|Any CPU.ActiveCfg = Release|Any CPU
		{BF97C5FC-6D48-48E3-9A8D-A701A4CF5FB6}.Ad-Hoc|Any CPU.Build.0 = Release|Any CPU
		{BF97C5FC-6D48-48E3-9A8D-A701A4CF5FB6}.Ad-Hoc|ARM.ActiveCfg = Release|Any CPU
		{BF97C5FC-6D48-48E3-9A8D-A701A4CF5FB6}.Ad-Hoc|ARM.Build.0 = Release|Any CPU
		{BF97C5FC-6D48-48E3-9A8D-A701A4CF5FB6}.Ad-Hoc|iPhone.ActiveCfg = Release|Any CPU
		{BF97C5FC-6D48-48E3-9A8D-A701A4CF5FB6}.Ad-Hoc|iPhone.Build.0 = Release|Any CPU
		{BF97C5FC-6D48-48E3-9A8D-A701A4CF5FB6}.Ad-Hoc|iPhoneSimulator.ActiveCfg = Release|Any CPU
		{BF97C5FC-6D48-48E3-9A8D-A701A4CF5FB6}.Ad-Hoc|iPhoneSimulator.Build.0 = Release|Any CPU
		{BF97C5FC-6D48-48E3-9A8D-A701A4CF5FB6}.Ad-Hoc|x64.ActiveCfg = Release|Any CPU
		{BF97C5FC-6D48-48E3-9A8D-A701A4CF5FB6}.Ad-Hoc|x64.Build.0 = Release|Any CPU
		{BF97C5FC-6D48-48E3-9A8D-A701A4CF5FB6}.Ad-Hoc|x86.ActiveCfg = Release|Any CPU
		{BF97C5FC-6D48-48E3-9A8D-A701A4CF5FB6}.Ad-Hoc|x86.Build.0 = Release|Any CPU
		{BF97C5FC-6D48-48E3-9A8D-A701A4CF5FB6}.AppStore|Any CPU.ActiveCfg = Release|Any CPU
		{BF97C5FC-6D48-48E3-9A8D-A701A4CF5FB6}.AppStore|Any CPU.Build.0 = Release|Any CPU
		{BF97C5FC-6D48-48E3-9A8D-A701A4CF5FB6}.AppStore|ARM.ActiveCfg = Release|Any CPU
		{BF97C5FC-6D48-48E3-9A8D-A701A4CF5FB6}.AppStore|ARM.Build.0 = Release|Any CPU
		{BF97C5FC-6D48-48E3-9A8D-A701A4CF5FB6}.AppStore|iPhone.ActiveCfg = Release|Any CPU
		{BF97C5FC-6D48-48E3-9A8D-A701A4CF5FB6}.AppStore|iPhone.Build.0 = Release|Any CPU
		{BF97C5FC-6D48-48E3-9A8D-A701A4CF5FB6}.AppStore|iPhoneSimulator.ActiveCfg = Release|Any CPU
		{BF97C5FC-6D48-48E3-9A8D-A701A4CF5FB6}.AppStore|iPhoneSimulator.Build.0 = Release|Any CPU
		{BF97C5FC-6D48-48E3-9A8D-A701A4CF5FB6}.AppStore|x64.ActiveCfg = Release|Any CPU
		{BF97C5FC-6D48-48E3-9A8D-A701A4CF5FB6}.AppStore|x64.Build.0 = Release|Any CPU
		{BF97C5FC-6D48-48E3-9A8D-A701A4CF5FB6}.AppStore|x86.ActiveCfg = Release|Any CPU
		{BF97C5FC-6D48-48E3-9A8D-A701A4CF5FB6}.AppStore|x86.Build.0 = Release|Any CPU
		{BF97C5FC-6D48-48E3-9A8D-A701A4CF5FB6}.Debug|Any CPU.ActiveCfg = Debug|Any CPU
		{BF97C5FC-6D48-48E3-9A8D-A701A4CF5FB6}.Debug|Any CPU.Build.0 = Debug|Any CPU
		{BF97C5FC-6D48-48E3-9A8D-A701A4CF5FB6}.Debug|ARM.ActiveCfg = Debug|Any CPU
		{BF97C5FC-6D48-48E3-9A8D-A701A4CF5FB6}.Debug|ARM.Build.0 = Debug|Any CPU
		{BF97C5FC-6D48-48E3-9A8D-A701A4CF5FB6}.Debug|iPhone.ActiveCfg = Debug|Any CPU
		{BF97C5FC-6D48-48E3-9A8D-A701A4CF5FB6}.Debug|iPhone.Build.0 = Debug|Any CPU
		{BF97C5FC-6D48-48E3-9A8D-A701A4CF5FB6}.Debug|iPhoneSimulator.ActiveCfg = Debug|Any CPU
		{BF97C5FC-6D48-48E3-9A8D-A701A4CF5FB6}.Debug|iPhoneSimulator.Build.0 = Debug|Any CPU
		{BF97C5FC-6D48-48E3-9A8D-A701A4CF5FB6}.Debug|x64.ActiveCfg = Debug|Any CPU
		{BF97C5FC-6D48-48E3-9A8D-A701A4CF5FB6}.Debug|x64.Build.0 = Debug|Any CPU
		{BF97C5FC-6D48-48E3-9A8D-A701A4CF5FB6}.Debug|x86.ActiveCfg = Debug|Any CPU
		{BF97C5FC-6D48-48E3-9A8D-A701A4CF5FB6}.Debug|x86.Build.0 = Debug|Any CPU
		{BF97C5FC-6D48-48E3-9A8D-A701A4CF5FB6}.Release|Any CPU.ActiveCfg = Release|Any CPU
		{BF97C5FC-6D48-48E3-9A8D-A701A4CF5FB6}.Release|Any CPU.Build.0 = Release|Any CPU
		{BF97C5FC-6D48-48E3-9A8D-A701A4CF5FB6}.Release|ARM.ActiveCfg = Release|Any CPU
		{BF97C5FC-6D48-48E3-9A8D-A701A4CF5FB6}.Release|ARM.Build.0 = Release|Any CPU
		{BF97C5FC-6D48-48E3-9A8D-A701A4CF5FB6}.Release|iPhone.ActiveCfg = Release|Any CPU
		{BF97C5FC-6D48-48E3-9A8D-A701A4CF5FB6}.Release|iPhone.Build.0 = Release|Any CPU
		{BF97C5FC-6D48-48E3-9A8D-A701A4CF5FB6}.Release|iPhoneSimulator.ActiveCfg = Release|Any CPU
		{BF97C5FC-6D48-48E3-9A8D-A701A4CF5FB6}.Release|iPhoneSimulator.Build.0 = Release|Any CPU
		{BF97C5FC-6D48-48E3-9A8D-A701A4CF5FB6}.Release|x64.ActiveCfg = Release|Any CPU
		{BF97C5FC-6D48-48E3-9A8D-A701A4CF5FB6}.Release|x64.Build.0 = Release|Any CPU
		{BF97C5FC-6D48-48E3-9A8D-A701A4CF5FB6}.Release|x86.ActiveCfg = Release|Any CPU
		{BF97C5FC-6D48-48E3-9A8D-A701A4CF5FB6}.Release|x86.Build.0 = Release|Any CPU
		{89EF0FBA-111F-49D0-8B0E-9CE219801D9D}.Ad-Hoc|Any CPU.ActiveCfg = Release|Any CPU
		{89EF0FBA-111F-49D0-8B0E-9CE219801D9D}.Ad-Hoc|Any CPU.Build.0 = Release|Any CPU
		{89EF0FBA-111F-49D0-8B0E-9CE219801D9D}.Ad-Hoc|Any CPU.Deploy.0 = Release|Any CPU
		{89EF0FBA-111F-49D0-8B0E-9CE219801D9D}.Ad-Hoc|ARM.ActiveCfg = Release|Any CPU
		{89EF0FBA-111F-49D0-8B0E-9CE219801D9D}.Ad-Hoc|ARM.Build.0 = Release|Any CPU
		{89EF0FBA-111F-49D0-8B0E-9CE219801D9D}.Ad-Hoc|ARM.Deploy.0 = Release|Any CPU
		{89EF0FBA-111F-49D0-8B0E-9CE219801D9D}.Ad-Hoc|iPhone.ActiveCfg = Release|Any CPU
		{89EF0FBA-111F-49D0-8B0E-9CE219801D9D}.Ad-Hoc|iPhone.Build.0 = Release|Any CPU
		{89EF0FBA-111F-49D0-8B0E-9CE219801D9D}.Ad-Hoc|iPhone.Deploy.0 = Release|Any CPU
		{89EF0FBA-111F-49D0-8B0E-9CE219801D9D}.Ad-Hoc|iPhoneSimulator.ActiveCfg = Release|Any CPU
		{89EF0FBA-111F-49D0-8B0E-9CE219801D9D}.Ad-Hoc|iPhoneSimulator.Build.0 = Release|Any CPU
		{89EF0FBA-111F-49D0-8B0E-9CE219801D9D}.Ad-Hoc|iPhoneSimulator.Deploy.0 = Release|Any CPU
		{89EF0FBA-111F-49D0-8B0E-9CE219801D9D}.Ad-Hoc|x64.ActiveCfg = Release|Any CPU
		{89EF0FBA-111F-49D0-8B0E-9CE219801D9D}.Ad-Hoc|x64.Build.0 = Release|Any CPU
		{89EF0FBA-111F-49D0-8B0E-9CE219801D9D}.Ad-Hoc|x64.Deploy.0 = Release|Any CPU
		{89EF0FBA-111F-49D0-8B0E-9CE219801D9D}.Ad-Hoc|x86.ActiveCfg = Release|Any CPU
		{89EF0FBA-111F-49D0-8B0E-9CE219801D9D}.Ad-Hoc|x86.Build.0 = Release|Any CPU
		{89EF0FBA-111F-49D0-8B0E-9CE219801D9D}.Ad-Hoc|x86.Deploy.0 = Release|Any CPU
		{89EF0FBA-111F-49D0-8B0E-9CE219801D9D}.AppStore|Any CPU.ActiveCfg = Release|Any CPU
		{89EF0FBA-111F-49D0-8B0E-9CE219801D9D}.AppStore|Any CPU.Build.0 = Release|Any CPU
		{89EF0FBA-111F-49D0-8B0E-9CE219801D9D}.AppStore|Any CPU.Deploy.0 = Release|Any CPU
		{89EF0FBA-111F-49D0-8B0E-9CE219801D9D}.AppStore|ARM.ActiveCfg = Release|Any CPU
		{89EF0FBA-111F-49D0-8B0E-9CE219801D9D}.AppStore|ARM.Build.0 = Release|Any CPU
		{89EF0FBA-111F-49D0-8B0E-9CE219801D9D}.AppStore|ARM.Deploy.0 = Release|Any CPU
		{89EF0FBA-111F-49D0-8B0E-9CE219801D9D}.AppStore|iPhone.ActiveCfg = Release|Any CPU
		{89EF0FBA-111F-49D0-8B0E-9CE219801D9D}.AppStore|iPhone.Build.0 = Release|Any CPU
		{89EF0FBA-111F-49D0-8B0E-9CE219801D9D}.AppStore|iPhone.Deploy.0 = Release|Any CPU
		{89EF0FBA-111F-49D0-8B0E-9CE219801D9D}.AppStore|iPhoneSimulator.ActiveCfg = Release|Any CPU
		{89EF0FBA-111F-49D0-8B0E-9CE219801D9D}.AppStore|iPhoneSimulator.Build.0 = Release|Any CPU
		{89EF0FBA-111F-49D0-8B0E-9CE219801D9D}.AppStore|iPhoneSimulator.Deploy.0 = Release|Any CPU
		{89EF0FBA-111F-49D0-8B0E-9CE219801D9D}.AppStore|x64.ActiveCfg = Release|Any CPU
		{89EF0FBA-111F-49D0-8B0E-9CE219801D9D}.AppStore|x64.Build.0 = Release|Any CPU
		{89EF0FBA-111F-49D0-8B0E-9CE219801D9D}.AppStore|x64.Deploy.0 = Release|Any CPU
		{89EF0FBA-111F-49D0-8B0E-9CE219801D9D}.AppStore|x86.ActiveCfg = Release|Any CPU
		{89EF0FBA-111F-49D0-8B0E-9CE219801D9D}.AppStore|x86.Build.0 = Release|Any CPU
		{89EF0FBA-111F-49D0-8B0E-9CE219801D9D}.AppStore|x86.Deploy.0 = Release|Any CPU
		{89EF0FBA-111F-49D0-8B0E-9CE219801D9D}.Debug|Any CPU.ActiveCfg = Debug|Any CPU
		{89EF0FBA-111F-49D0-8B0E-9CE219801D9D}.Debug|Any CPU.Build.0 = Debug|Any CPU
		{89EF0FBA-111F-49D0-8B0E-9CE219801D9D}.Debug|Any CPU.Deploy.0 = Debug|Any CPU
		{89EF0FBA-111F-49D0-8B0E-9CE219801D9D}.Debug|ARM.ActiveCfg = Debug|Any CPU
		{89EF0FBA-111F-49D0-8B0E-9CE219801D9D}.Debug|ARM.Build.0 = Debug|Any CPU
		{89EF0FBA-111F-49D0-8B0E-9CE219801D9D}.Debug|ARM.Deploy.0 = Debug|Any CPU
		{89EF0FBA-111F-49D0-8B0E-9CE219801D9D}.Debug|iPhone.ActiveCfg = Debug|Any CPU
		{89EF0FBA-111F-49D0-8B0E-9CE219801D9D}.Debug|iPhone.Build.0 = Debug|Any CPU
		{89EF0FBA-111F-49D0-8B0E-9CE219801D9D}.Debug|iPhone.Deploy.0 = Debug|Any CPU
		{89EF0FBA-111F-49D0-8B0E-9CE219801D9D}.Debug|iPhoneSimulator.ActiveCfg = Debug|Any CPU
		{89EF0FBA-111F-49D0-8B0E-9CE219801D9D}.Debug|iPhoneSimulator.Build.0 = Debug|Any CPU
		{89EF0FBA-111F-49D0-8B0E-9CE219801D9D}.Debug|iPhoneSimulator.Deploy.0 = Debug|Any CPU
		{89EF0FBA-111F-49D0-8B0E-9CE219801D9D}.Debug|x64.ActiveCfg = Debug|Any CPU
		{89EF0FBA-111F-49D0-8B0E-9CE219801D9D}.Debug|x64.Build.0 = Debug|Any CPU
		{89EF0FBA-111F-49D0-8B0E-9CE219801D9D}.Debug|x64.Deploy.0 = Debug|Any CPU
		{89EF0FBA-111F-49D0-8B0E-9CE219801D9D}.Debug|x86.ActiveCfg = Debug|Any CPU
		{89EF0FBA-111F-49D0-8B0E-9CE219801D9D}.Debug|x86.Build.0 = Debug|Any CPU
		{89EF0FBA-111F-49D0-8B0E-9CE219801D9D}.Debug|x86.Deploy.0 = Debug|Any CPU
		{89EF0FBA-111F-49D0-8B0E-9CE219801D9D}.Release|Any CPU.ActiveCfg = Release|Any CPU
		{89EF0FBA-111F-49D0-8B0E-9CE219801D9D}.Release|Any CPU.Build.0 = Release|Any CPU
		{89EF0FBA-111F-49D0-8B0E-9CE219801D9D}.Release|Any CPU.Deploy.0 = Release|Any CPU
		{89EF0FBA-111F-49D0-8B0E-9CE219801D9D}.Release|ARM.ActiveCfg = Release|Any CPU
		{89EF0FBA-111F-49D0-8B0E-9CE219801D9D}.Release|ARM.Build.0 = Release|Any CPU
		{89EF0FBA-111F-49D0-8B0E-9CE219801D9D}.Release|ARM.Deploy.0 = Release|Any CPU
		{89EF0FBA-111F-49D0-8B0E-9CE219801D9D}.Release|iPhone.ActiveCfg = Release|Any CPU
		{89EF0FBA-111F-49D0-8B0E-9CE219801D9D}.Release|iPhone.Build.0 = Release|Any CPU
		{89EF0FBA-111F-49D0-8B0E-9CE219801D9D}.Release|iPhone.Deploy.0 = Release|Any CPU
		{89EF0FBA-111F-49D0-8B0E-9CE219801D9D}.Release|iPhoneSimulator.ActiveCfg = Release|Any CPU
		{89EF0FBA-111F-49D0-8B0E-9CE219801D9D}.Release|iPhoneSimulator.Build.0 = Release|Any CPU
		{89EF0FBA-111F-49D0-8B0E-9CE219801D9D}.Release|iPhoneSimulator.Deploy.0 = Release|Any CPU
		{89EF0FBA-111F-49D0-8B0E-9CE219801D9D}.Release|x64.ActiveCfg = Release|Any CPU
		{89EF0FBA-111F-49D0-8B0E-9CE219801D9D}.Release|x64.Build.0 = Release|Any CPU
		{89EF0FBA-111F-49D0-8B0E-9CE219801D9D}.Release|x64.Deploy.0 = Release|Any CPU
		{89EF0FBA-111F-49D0-8B0E-9CE219801D9D}.Release|x86.ActiveCfg = Release|Any CPU
		{89EF0FBA-111F-49D0-8B0E-9CE219801D9D}.Release|x86.Build.0 = Release|Any CPU
		{89EF0FBA-111F-49D0-8B0E-9CE219801D9D}.Release|x86.Deploy.0 = Release|Any CPU
		{7FF2EE07-B031-449B-BD3E-061BC2404D7B}.Ad-Hoc|Any CPU.ActiveCfg = Ad-Hoc|iPhone
		{7FF2EE07-B031-449B-BD3E-061BC2404D7B}.Ad-Hoc|ARM.ActiveCfg = Ad-Hoc|iPhone
		{7FF2EE07-B031-449B-BD3E-061BC2404D7B}.Ad-Hoc|iPhone.ActiveCfg = Ad-Hoc|iPhone
		{7FF2EE07-B031-449B-BD3E-061BC2404D7B}.Ad-Hoc|iPhone.Build.0 = Ad-Hoc|iPhone
		{7FF2EE07-B031-449B-BD3E-061BC2404D7B}.Ad-Hoc|iPhoneSimulator.ActiveCfg = Ad-Hoc|iPhoneSimulator
		{7FF2EE07-B031-449B-BD3E-061BC2404D7B}.Ad-Hoc|iPhoneSimulator.Build.0 = Ad-Hoc|iPhoneSimulator
		{7FF2EE07-B031-449B-BD3E-061BC2404D7B}.Ad-Hoc|x64.ActiveCfg = Ad-Hoc|iPhone
		{7FF2EE07-B031-449B-BD3E-061BC2404D7B}.Ad-Hoc|x86.ActiveCfg = Ad-Hoc|iPhone
		{7FF2EE07-B031-449B-BD3E-061BC2404D7B}.AppStore|Any CPU.ActiveCfg = AppStore|iPhone
		{7FF2EE07-B031-449B-BD3E-061BC2404D7B}.AppStore|ARM.ActiveCfg = AppStore|iPhone
		{7FF2EE07-B031-449B-BD3E-061BC2404D7B}.AppStore|iPhone.ActiveCfg = AppStore|iPhone
		{7FF2EE07-B031-449B-BD3E-061BC2404D7B}.AppStore|iPhone.Build.0 = AppStore|iPhone
		{7FF2EE07-B031-449B-BD3E-061BC2404D7B}.AppStore|iPhoneSimulator.ActiveCfg = AppStore|iPhoneSimulator
		{7FF2EE07-B031-449B-BD3E-061BC2404D7B}.AppStore|iPhoneSimulator.Build.0 = AppStore|iPhoneSimulator
		{7FF2EE07-B031-449B-BD3E-061BC2404D7B}.AppStore|x64.ActiveCfg = AppStore|iPhone
		{7FF2EE07-B031-449B-BD3E-061BC2404D7B}.AppStore|x86.ActiveCfg = AppStore|iPhone
		{7FF2EE07-B031-449B-BD3E-061BC2404D7B}.Debug|Any CPU.ActiveCfg = Debug|iPhone
		{7FF2EE07-B031-449B-BD3E-061BC2404D7B}.Debug|ARM.ActiveCfg = Debug|iPhone
		{7FF2EE07-B031-449B-BD3E-061BC2404D7B}.Debug|iPhone.ActiveCfg = Debug|iPhone
		{7FF2EE07-B031-449B-BD3E-061BC2404D7B}.Debug|iPhone.Build.0 = Debug|iPhone
		{7FF2EE07-B031-449B-BD3E-061BC2404D7B}.Debug|iPhoneSimulator.ActiveCfg = Debug|iPhoneSimulator
		{7FF2EE07-B031-449B-BD3E-061BC2404D7B}.Debug|iPhoneSimulator.Build.0 = Debug|iPhoneSimulator
		{7FF2EE07-B031-449B-BD3E-061BC2404D7B}.Debug|x64.ActiveCfg = Debug|iPhone
		{7FF2EE07-B031-449B-BD3E-061BC2404D7B}.Debug|x86.ActiveCfg = Debug|iPhone
		{7FF2EE07-B031-449B-BD3E-061BC2404D7B}.Release|Any CPU.ActiveCfg = Release|iPhone
		{7FF2EE07-B031-449B-BD3E-061BC2404D7B}.Release|ARM.ActiveCfg = Release|iPhone
		{7FF2EE07-B031-449B-BD3E-061BC2404D7B}.Release|iPhone.ActiveCfg = Release|iPhone
		{7FF2EE07-B031-449B-BD3E-061BC2404D7B}.Release|iPhone.Build.0 = Release|iPhone
		{7FF2EE07-B031-449B-BD3E-061BC2404D7B}.Release|iPhoneSimulator.ActiveCfg = Release|iPhoneSimulator
		{7FF2EE07-B031-449B-BD3E-061BC2404D7B}.Release|iPhoneSimulator.Build.0 = Release|iPhoneSimulator
		{7FF2EE07-B031-449B-BD3E-061BC2404D7B}.Release|x64.ActiveCfg = Release|iPhone
		{7FF2EE07-B031-449B-BD3E-061BC2404D7B}.Release|x86.ActiveCfg = Release|iPhone
		{8F28711D-560F-4C81-A9D2-60D07942AC63}.Ad-Hoc|Any CPU.ActiveCfg = Release|Any CPU
		{8F28711D-560F-4C81-A9D2-60D07942AC63}.Ad-Hoc|Any CPU.Build.0 = Release|Any CPU
		{8F28711D-560F-4C81-A9D2-60D07942AC63}.Ad-Hoc|Any CPU.Deploy.0 = Release|Any CPU
		{8F28711D-560F-4C81-A9D2-60D07942AC63}.Ad-Hoc|ARM.ActiveCfg = Release|ARM
		{8F28711D-560F-4C81-A9D2-60D07942AC63}.Ad-Hoc|ARM.Build.0 = Release|ARM
		{8F28711D-560F-4C81-A9D2-60D07942AC63}.Ad-Hoc|ARM.Deploy.0 = Release|ARM
		{8F28711D-560F-4C81-A9D2-60D07942AC63}.Ad-Hoc|iPhone.ActiveCfg = Release|Any CPU
		{8F28711D-560F-4C81-A9D2-60D07942AC63}.Ad-Hoc|iPhone.Build.0 = Release|Any CPU
		{8F28711D-560F-4C81-A9D2-60D07942AC63}.Ad-Hoc|iPhone.Deploy.0 = Release|Any CPU
		{8F28711D-560F-4C81-A9D2-60D07942AC63}.Ad-Hoc|iPhoneSimulator.ActiveCfg = Release|Any CPU
		{8F28711D-560F-4C81-A9D2-60D07942AC63}.Ad-Hoc|iPhoneSimulator.Build.0 = Release|Any CPU
		{8F28711D-560F-4C81-A9D2-60D07942AC63}.Ad-Hoc|iPhoneSimulator.Deploy.0 = Release|Any CPU
		{8F28711D-560F-4C81-A9D2-60D07942AC63}.Ad-Hoc|x64.ActiveCfg = Release|Any CPU
		{8F28711D-560F-4C81-A9D2-60D07942AC63}.Ad-Hoc|x64.Build.0 = Release|Any CPU
		{8F28711D-560F-4C81-A9D2-60D07942AC63}.Ad-Hoc|x64.Deploy.0 = Release|Any CPU
		{8F28711D-560F-4C81-A9D2-60D07942AC63}.Ad-Hoc|x86.ActiveCfg = Release|x86
		{8F28711D-560F-4C81-A9D2-60D07942AC63}.Ad-Hoc|x86.Build.0 = Release|x86
		{8F28711D-560F-4C81-A9D2-60D07942AC63}.Ad-Hoc|x86.Deploy.0 = Release|x86
		{8F28711D-560F-4C81-A9D2-60D07942AC63}.AppStore|Any CPU.ActiveCfg = Release|Any CPU
		{8F28711D-560F-4C81-A9D2-60D07942AC63}.AppStore|Any CPU.Build.0 = Release|Any CPU
		{8F28711D-560F-4C81-A9D2-60D07942AC63}.AppStore|Any CPU.Deploy.0 = Release|Any CPU
		{8F28711D-560F-4C81-A9D2-60D07942AC63}.AppStore|ARM.ActiveCfg = Release|ARM
		{8F28711D-560F-4C81-A9D2-60D07942AC63}.AppStore|ARM.Build.0 = Release|ARM
		{8F28711D-560F-4C81-A9D2-60D07942AC63}.AppStore|ARM.Deploy.0 = Release|ARM
		{8F28711D-560F-4C81-A9D2-60D07942AC63}.AppStore|iPhone.ActiveCfg = Release|Any CPU
		{8F28711D-560F-4C81-A9D2-60D07942AC63}.AppStore|iPhone.Build.0 = Release|Any CPU
		{8F28711D-560F-4C81-A9D2-60D07942AC63}.AppStore|iPhone.Deploy.0 = Release|Any CPU
		{8F28711D-560F-4C81-A9D2-60D07942AC63}.AppStore|iPhoneSimulator.ActiveCfg = Release|Any CPU
		{8F28711D-560F-4C81-A9D2-60D07942AC63}.AppStore|iPhoneSimulator.Build.0 = Release|Any CPU
		{8F28711D-560F-4C81-A9D2-60D07942AC63}.AppStore|iPhoneSimulator.Deploy.0 = Release|Any CPU
		{8F28711D-560F-4C81-A9D2-60D07942AC63}.AppStore|x64.ActiveCfg = Release|Any CPU
		{8F28711D-560F-4C81-A9D2-60D07942AC63}.AppStore|x64.Build.0 = Release|Any CPU
		{8F28711D-560F-4C81-A9D2-60D07942AC63}.AppStore|x64.Deploy.0 = Release|Any CPU
		{8F28711D-560F-4C81-A9D2-60D07942AC63}.AppStore|x86.ActiveCfg = Release|x86
		{8F28711D-560F-4C81-A9D2-60D07942AC63}.AppStore|x86.Build.0 = Release|x86
		{8F28711D-560F-4C81-A9D2-60D07942AC63}.AppStore|x86.Deploy.0 = Release|x86
		{8F28711D-560F-4C81-A9D2-60D07942AC63}.Debug|Any CPU.ActiveCfg = Debug|Any CPU
		{8F28711D-560F-4C81-A9D2-60D07942AC63}.Debug|Any CPU.Build.0 = Debug|Any CPU
		{8F28711D-560F-4C81-A9D2-60D07942AC63}.Debug|Any CPU.Deploy.0 = Debug|Any CPU
		{8F28711D-560F-4C81-A9D2-60D07942AC63}.Debug|ARM.ActiveCfg = Debug|ARM
		{8F28711D-560F-4C81-A9D2-60D07942AC63}.Debug|ARM.Build.0 = Debug|ARM
		{8F28711D-560F-4C81-A9D2-60D07942AC63}.Debug|ARM.Deploy.0 = Debug|ARM
		{8F28711D-560F-4C81-A9D2-60D07942AC63}.Debug|iPhone.ActiveCfg = Debug|Any CPU
		{8F28711D-560F-4C81-A9D2-60D07942AC63}.Debug|iPhone.Build.0 = Debug|Any CPU
		{8F28711D-560F-4C81-A9D2-60D07942AC63}.Debug|iPhone.Deploy.0 = Debug|Any CPU
		{8F28711D-560F-4C81-A9D2-60D07942AC63}.Debug|iPhoneSimulator.ActiveCfg = Debug|Any CPU
		{8F28711D-560F-4C81-A9D2-60D07942AC63}.Debug|iPhoneSimulator.Build.0 = Debug|Any CPU
		{8F28711D-560F-4C81-A9D2-60D07942AC63}.Debug|iPhoneSimulator.Deploy.0 = Debug|Any CPU
		{8F28711D-560F-4C81-A9D2-60D07942AC63}.Debug|x64.ActiveCfg = Debug|Any CPU
		{8F28711D-560F-4C81-A9D2-60D07942AC63}.Debug|x64.Build.0 = Debug|Any CPU
		{8F28711D-560F-4C81-A9D2-60D07942AC63}.Debug|x64.Deploy.0 = Debug|Any CPU
		{8F28711D-560F-4C81-A9D2-60D07942AC63}.Debug|x86.ActiveCfg = Debug|x86
		{8F28711D-560F-4C81-A9D2-60D07942AC63}.Debug|x86.Build.0 = Debug|x86
		{8F28711D-560F-4C81-A9D2-60D07942AC63}.Debug|x86.Deploy.0 = Debug|x86
		{8F28711D-560F-4C81-A9D2-60D07942AC63}.Release|Any CPU.ActiveCfg = Release|Any CPU
		{8F28711D-560F-4C81-A9D2-60D07942AC63}.Release|Any CPU.Build.0 = Release|Any CPU
		{8F28711D-560F-4C81-A9D2-60D07942AC63}.Release|Any CPU.Deploy.0 = Release|Any CPU
		{8F28711D-560F-4C81-A9D2-60D07942AC63}.Release|ARM.ActiveCfg = Release|ARM
		{8F28711D-560F-4C81-A9D2-60D07942AC63}.Release|ARM.Build.0 = Release|ARM
		{8F28711D-560F-4C81-A9D2-60D07942AC63}.Release|ARM.Deploy.0 = Release|ARM
		{8F28711D-560F-4C81-A9D2-60D07942AC63}.Release|iPhone.ActiveCfg = Release|Any CPU
		{8F28711D-560F-4C81-A9D2-60D07942AC63}.Release|iPhone.Build.0 = Release|Any CPU
		{8F28711D-560F-4C81-A9D2-60D07942AC63}.Release|iPhone.Deploy.0 = Release|Any CPU
		{8F28711D-560F-4C81-A9D2-60D07942AC63}.Release|iPhoneSimulator.ActiveCfg = Release|Any CPU
		{8F28711D-560F-4C81-A9D2-60D07942AC63}.Release|iPhoneSimulator.Build.0 = Release|Any CPU
		{8F28711D-560F-4C81-A9D2-60D07942AC63}.Release|iPhoneSimulator.Deploy.0 = Release|Any CPU
		{8F28711D-560F-4C81-A9D2-60D07942AC63}.Release|x64.ActiveCfg = Release|Any CPU
		{8F28711D-560F-4C81-A9D2-60D07942AC63}.Release|x64.Build.0 = Release|Any CPU
		{8F28711D-560F-4C81-A9D2-60D07942AC63}.Release|x64.Deploy.0 = Release|Any CPU
		{8F28711D-560F-4C81-A9D2-60D07942AC63}.Release|x86.ActiveCfg = Release|x86
		{8F28711D-560F-4C81-A9D2-60D07942AC63}.Release|x86.Build.0 = Release|x86
		{8F28711D-560F-4C81-A9D2-60D07942AC63}.Release|x86.Deploy.0 = Release|x86
		{187A7788-4B6A-42E4-A453-DC6C6EE3E9A6}.Ad-Hoc|Any CPU.ActiveCfg = Release|x86
		{187A7788-4B6A-42E4-A453-DC6C6EE3E9A6}.Ad-Hoc|Any CPU.Build.0 = Release|x86
		{187A7788-4B6A-42E4-A453-DC6C6EE3E9A6}.Ad-Hoc|Any CPU.Deploy.0 = Release|x86
		{187A7788-4B6A-42E4-A453-DC6C6EE3E9A6}.Ad-Hoc|ARM.ActiveCfg = Release|ARM
		{187A7788-4B6A-42E4-A453-DC6C6EE3E9A6}.Ad-Hoc|ARM.Build.0 = Release|ARM
		{187A7788-4B6A-42E4-A453-DC6C6EE3E9A6}.Ad-Hoc|ARM.Deploy.0 = Release|ARM
		{187A7788-4B6A-42E4-A453-DC6C6EE3E9A6}.Ad-Hoc|iPhone.ActiveCfg = Release|x86
		{187A7788-4B6A-42E4-A453-DC6C6EE3E9A6}.Ad-Hoc|iPhone.Build.0 = Release|x86
		{187A7788-4B6A-42E4-A453-DC6C6EE3E9A6}.Ad-Hoc|iPhone.Deploy.0 = Release|x86
		{187A7788-4B6A-42E4-A453-DC6C6EE3E9A6}.Ad-Hoc|iPhoneSimulator.ActiveCfg = Release|x86
		{187A7788-4B6A-42E4-A453-DC6C6EE3E9A6}.Ad-Hoc|iPhoneSimulator.Build.0 = Release|x86
		{187A7788-4B6A-42E4-A453-DC6C6EE3E9A6}.Ad-Hoc|iPhoneSimulator.Deploy.0 = Release|x86
		{187A7788-4B6A-42E4-A453-DC6C6EE3E9A6}.Ad-Hoc|x64.ActiveCfg = Release|x64
		{187A7788-4B6A-42E4-A453-DC6C6EE3E9A6}.Ad-Hoc|x64.Build.0 = Release|x64
		{187A7788-4B6A-42E4-A453-DC6C6EE3E9A6}.Ad-Hoc|x64.Deploy.0 = Release|x64
		{187A7788-4B6A-42E4-A453-DC6C6EE3E9A6}.Ad-Hoc|x86.ActiveCfg = Release|x86
		{187A7788-4B6A-42E4-A453-DC6C6EE3E9A6}.Ad-Hoc|x86.Build.0 = Release|x86
		{187A7788-4B6A-42E4-A453-DC6C6EE3E9A6}.Ad-Hoc|x86.Deploy.0 = Release|x86
		{187A7788-4B6A-42E4-A453-DC6C6EE3E9A6}.AppStore|Any CPU.ActiveCfg = Release|x86
		{187A7788-4B6A-42E4-A453-DC6C6EE3E9A6}.AppStore|Any CPU.Build.0 = Release|x86
		{187A7788-4B6A-42E4-A453-DC6C6EE3E9A6}.AppStore|Any CPU.Deploy.0 = Release|x86
		{187A7788-4B6A-42E4-A453-DC6C6EE3E9A6}.AppStore|ARM.ActiveCfg = Release|ARM
		{187A7788-4B6A-42E4-A453-DC6C6EE3E9A6}.AppStore|ARM.Build.0 = Release|ARM
		{187A7788-4B6A-42E4-A453-DC6C6EE3E9A6}.AppStore|ARM.Deploy.0 = Release|ARM
		{187A7788-4B6A-42E4-A453-DC6C6EE3E9A6}.AppStore|iPhone.ActiveCfg = Release|x86
		{187A7788-4B6A-42E4-A453-DC6C6EE3E9A6}.AppStore|iPhone.Build.0 = Release|x86
		{187A7788-4B6A-42E4-A453-DC6C6EE3E9A6}.AppStore|iPhone.Deploy.0 = Release|x86
		{187A7788-4B6A-42E4-A453-DC6C6EE3E9A6}.AppStore|iPhoneSimulator.ActiveCfg = Release|x86
		{187A7788-4B6A-42E4-A453-DC6C6EE3E9A6}.AppStore|iPhoneSimulator.Build.0 = Release|x86
		{187A7788-4B6A-42E4-A453-DC6C6EE3E9A6}.AppStore|iPhoneSimulator.Deploy.0 = Release|x86
		{187A7788-4B6A-42E4-A453-DC6C6EE3E9A6}.AppStore|x64.ActiveCfg = Release|x64
		{187A7788-4B6A-42E4-A453-DC6C6EE3E9A6}.AppStore|x64.Build.0 = Release|x64
		{187A7788-4B6A-42E4-A453-DC6C6EE3E9A6}.AppStore|x64.Deploy.0 = Release|x64
		{187A7788-4B6A-42E4-A453-DC6C6EE3E9A6}.AppStore|x86.ActiveCfg = Release|x86
		{187A7788-4B6A-42E4-A453-DC6C6EE3E9A6}.AppStore|x86.Build.0 = Release|x86
		{187A7788-4B6A-42E4-A453-DC6C6EE3E9A6}.AppStore|x86.Deploy.0 = Release|x86
		{187A7788-4B6A-42E4-A453-DC6C6EE3E9A6}.Debug|Any CPU.ActiveCfg = Debug|x86
		{187A7788-4B6A-42E4-A453-DC6C6EE3E9A6}.Debug|ARM.ActiveCfg = Debug|ARM
		{187A7788-4B6A-42E4-A453-DC6C6EE3E9A6}.Debug|ARM.Build.0 = Debug|ARM
		{187A7788-4B6A-42E4-A453-DC6C6EE3E9A6}.Debug|ARM.Deploy.0 = Debug|ARM
		{187A7788-4B6A-42E4-A453-DC6C6EE3E9A6}.Debug|iPhone.ActiveCfg = Debug|x86
		{187A7788-4B6A-42E4-A453-DC6C6EE3E9A6}.Debug|iPhoneSimulator.ActiveCfg = Debug|x86
		{187A7788-4B6A-42E4-A453-DC6C6EE3E9A6}.Debug|x64.ActiveCfg = Debug|x64
		{187A7788-4B6A-42E4-A453-DC6C6EE3E9A6}.Debug|x64.Build.0 = Debug|x64
		{187A7788-4B6A-42E4-A453-DC6C6EE3E9A6}.Debug|x64.Deploy.0 = Debug|x64
		{187A7788-4B6A-42E4-A453-DC6C6EE3E9A6}.Debug|x86.ActiveCfg = Debug|x86
		{187A7788-4B6A-42E4-A453-DC6C6EE3E9A6}.Debug|x86.Build.0 = Debug|x86
		{187A7788-4B6A-42E4-A453-DC6C6EE3E9A6}.Debug|x86.Deploy.0 = Debug|x86
		{187A7788-4B6A-42E4-A453-DC6C6EE3E9A6}.Release|Any CPU.ActiveCfg = Release|x86
		{187A7788-4B6A-42E4-A453-DC6C6EE3E9A6}.Release|ARM.ActiveCfg = Release|ARM
		{187A7788-4B6A-42E4-A453-DC6C6EE3E9A6}.Release|ARM.Build.0 = Release|ARM
		{187A7788-4B6A-42E4-A453-DC6C6EE3E9A6}.Release|ARM.Deploy.0 = Release|ARM
		{187A7788-4B6A-42E4-A453-DC6C6EE3E9A6}.Release|iPhone.ActiveCfg = Release|x86
		{187A7788-4B6A-42E4-A453-DC6C6EE3E9A6}.Release|iPhoneSimulator.ActiveCfg = Release|x86
		{187A7788-4B6A-42E4-A453-DC6C6EE3E9A6}.Release|x64.ActiveCfg = Release|x64
		{187A7788-4B6A-42E4-A453-DC6C6EE3E9A6}.Release|x64.Build.0 = Release|x64
		{187A7788-4B6A-42E4-A453-DC6C6EE3E9A6}.Release|x64.Deploy.0 = Release|x64
		{187A7788-4B6A-42E4-A453-DC6C6EE3E9A6}.Release|x86.ActiveCfg = Release|x86
		{187A7788-4B6A-42E4-A453-DC6C6EE3E9A6}.Release|x86.Build.0 = Release|x86
		{187A7788-4B6A-42E4-A453-DC6C6EE3E9A6}.Release|x86.Deploy.0 = Release|x86
		{23DBD5B3-4A02-4C08-B5D0-D200EE53E853}.Ad-Hoc|Any CPU.ActiveCfg = Release|Any CPU
		{23DBD5B3-4A02-4C08-B5D0-D200EE53E853}.Ad-Hoc|Any CPU.Build.0 = Release|Any CPU
		{23DBD5B3-4A02-4C08-B5D0-D200EE53E853}.Ad-Hoc|Any CPU.Deploy.0 = Release|Any CPU
		{23DBD5B3-4A02-4C08-B5D0-D200EE53E853}.Ad-Hoc|ARM.ActiveCfg = Release|ARM
		{23DBD5B3-4A02-4C08-B5D0-D200EE53E853}.Ad-Hoc|ARM.Build.0 = Release|ARM
		{23DBD5B3-4A02-4C08-B5D0-D200EE53E853}.Ad-Hoc|ARM.Deploy.0 = Release|ARM
		{23DBD5B3-4A02-4C08-B5D0-D200EE53E853}.Ad-Hoc|iPhone.ActiveCfg = Release|Any CPU
		{23DBD5B3-4A02-4C08-B5D0-D200EE53E853}.Ad-Hoc|iPhone.Build.0 = Release|Any CPU
		{23DBD5B3-4A02-4C08-B5D0-D200EE53E853}.Ad-Hoc|iPhone.Deploy.0 = Release|Any CPU
		{23DBD5B3-4A02-4C08-B5D0-D200EE53E853}.Ad-Hoc|iPhoneSimulator.ActiveCfg = Release|Any CPU
		{23DBD5B3-4A02-4C08-B5D0-D200EE53E853}.Ad-Hoc|iPhoneSimulator.Build.0 = Release|Any CPU
		{23DBD5B3-4A02-4C08-B5D0-D200EE53E853}.Ad-Hoc|iPhoneSimulator.Deploy.0 = Release|Any CPU
		{23DBD5B3-4A02-4C08-B5D0-D200EE53E853}.Ad-Hoc|x64.ActiveCfg = Release|x64
		{23DBD5B3-4A02-4C08-B5D0-D200EE53E853}.Ad-Hoc|x64.Build.0 = Release|x64
		{23DBD5B3-4A02-4C08-B5D0-D200EE53E853}.Ad-Hoc|x64.Deploy.0 = Release|x64
		{23DBD5B3-4A02-4C08-B5D0-D200EE53E853}.Ad-Hoc|x86.ActiveCfg = Release|x86
		{23DBD5B3-4A02-4C08-B5D0-D200EE53E853}.Ad-Hoc|x86.Build.0 = Release|x86
		{23DBD5B3-4A02-4C08-B5D0-D200EE53E853}.Ad-Hoc|x86.Deploy.0 = Release|x86
		{23DBD5B3-4A02-4C08-B5D0-D200EE53E853}.AppStore|Any CPU.ActiveCfg = Release|Any CPU
		{23DBD5B3-4A02-4C08-B5D0-D200EE53E853}.AppStore|Any CPU.Build.0 = Release|Any CPU
		{23DBD5B3-4A02-4C08-B5D0-D200EE53E853}.AppStore|Any CPU.Deploy.0 = Release|Any CPU
		{23DBD5B3-4A02-4C08-B5D0-D200EE53E853}.AppStore|ARM.ActiveCfg = Release|ARM
		{23DBD5B3-4A02-4C08-B5D0-D200EE53E853}.AppStore|ARM.Build.0 = Release|ARM
		{23DBD5B3-4A02-4C08-B5D0-D200EE53E853}.AppStore|ARM.Deploy.0 = Release|ARM
		{23DBD5B3-4A02-4C08-B5D0-D200EE53E853}.AppStore|iPhone.ActiveCfg = Release|Any CPU
		{23DBD5B3-4A02-4C08-B5D0-D200EE53E853}.AppStore|iPhone.Build.0 = Release|Any CPU
		{23DBD5B3-4A02-4C08-B5D0-D200EE53E853}.AppStore|iPhone.Deploy.0 = Release|Any CPU
		{23DBD5B3-4A02-4C08-B5D0-D200EE53E853}.AppStore|iPhoneSimulator.ActiveCfg = Release|Any CPU
		{23DBD5B3-4A02-4C08-B5D0-D200EE53E853}.AppStore|iPhoneSimulator.Build.0 = Release|Any CPU
		{23DBD5B3-4A02-4C08-B5D0-D200EE53E853}.AppStore|iPhoneSimulator.Deploy.0 = Release|Any CPU
		{23DBD5B3-4A02-4C08-B5D0-D200EE53E853}.AppStore|x64.ActiveCfg = Release|x64
		{23DBD5B3-4A02-4C08-B5D0-D200EE53E853}.AppStore|x64.Build.0 = Release|x64
		{23DBD5B3-4A02-4C08-B5D0-D200EE53E853}.AppStore|x64.Deploy.0 = Release|x64
		{23DBD5B3-4A02-4C08-B5D0-D200EE53E853}.AppStore|x86.ActiveCfg = Release|x86
		{23DBD5B3-4A02-4C08-B5D0-D200EE53E853}.AppStore|x86.Build.0 = Release|x86
		{23DBD5B3-4A02-4C08-B5D0-D200EE53E853}.AppStore|x86.Deploy.0 = Release|x86
		{23DBD5B3-4A02-4C08-B5D0-D200EE53E853}.Debug|Any CPU.ActiveCfg = Debug|Any CPU
		{23DBD5B3-4A02-4C08-B5D0-D200EE53E853}.Debug|Any CPU.Build.0 = Debug|Any CPU
		{23DBD5B3-4A02-4C08-B5D0-D200EE53E853}.Debug|Any CPU.Deploy.0 = Debug|Any CPU
		{23DBD5B3-4A02-4C08-B5D0-D200EE53E853}.Debug|ARM.ActiveCfg = Debug|ARM
		{23DBD5B3-4A02-4C08-B5D0-D200EE53E853}.Debug|ARM.Build.0 = Debug|ARM
		{23DBD5B3-4A02-4C08-B5D0-D200EE53E853}.Debug|ARM.Deploy.0 = Debug|ARM
		{23DBD5B3-4A02-4C08-B5D0-D200EE53E853}.Debug|iPhone.ActiveCfg = Debug|Any CPU
		{23DBD5B3-4A02-4C08-B5D0-D200EE53E853}.Debug|iPhone.Build.0 = Debug|Any CPU
		{23DBD5B3-4A02-4C08-B5D0-D200EE53E853}.Debug|iPhone.Deploy.0 = Debug|Any CPU
		{23DBD5B3-4A02-4C08-B5D0-D200EE53E853}.Debug|iPhoneSimulator.ActiveCfg = Debug|Any CPU
		{23DBD5B3-4A02-4C08-B5D0-D200EE53E853}.Debug|iPhoneSimulator.Build.0 = Debug|Any CPU
		{23DBD5B3-4A02-4C08-B5D0-D200EE53E853}.Debug|iPhoneSimulator.Deploy.0 = Debug|Any CPU
		{23DBD5B3-4A02-4C08-B5D0-D200EE53E853}.Debug|x64.ActiveCfg = Debug|x64
		{23DBD5B3-4A02-4C08-B5D0-D200EE53E853}.Debug|x64.Build.0 = Debug|x64
		{23DBD5B3-4A02-4C08-B5D0-D200EE53E853}.Debug|x64.Deploy.0 = Debug|x64
		{23DBD5B3-4A02-4C08-B5D0-D200EE53E853}.Debug|x86.ActiveCfg = Debug|x86
		{23DBD5B3-4A02-4C08-B5D0-D200EE53E853}.Debug|x86.Build.0 = Debug|x86
		{23DBD5B3-4A02-4C08-B5D0-D200EE53E853}.Debug|x86.Deploy.0 = Debug|x86
		{23DBD5B3-4A02-4C08-B5D0-D200EE53E853}.Release|Any CPU.ActiveCfg = Release|Any CPU
		{23DBD5B3-4A02-4C08-B5D0-D200EE53E853}.Release|Any CPU.Build.0 = Release|Any CPU
		{23DBD5B3-4A02-4C08-B5D0-D200EE53E853}.Release|Any CPU.Deploy.0 = Release|Any CPU
		{23DBD5B3-4A02-4C08-B5D0-D200EE53E853}.Release|ARM.ActiveCfg = Release|ARM
		{23DBD5B3-4A02-4C08-B5D0-D200EE53E853}.Release|ARM.Build.0 = Release|ARM
		{23DBD5B3-4A02-4C08-B5D0-D200EE53E853}.Release|ARM.Deploy.0 = Release|ARM
		{23DBD5B3-4A02-4C08-B5D0-D200EE53E853}.Release|iPhone.ActiveCfg = Release|Any CPU
		{23DBD5B3-4A02-4C08-B5D0-D200EE53E853}.Release|iPhone.Build.0 = Release|Any CPU
		{23DBD5B3-4A02-4C08-B5D0-D200EE53E853}.Release|iPhone.Deploy.0 = Release|Any CPU
		{23DBD5B3-4A02-4C08-B5D0-D200EE53E853}.Release|iPhoneSimulator.ActiveCfg = Release|Any CPU
		{23DBD5B3-4A02-4C08-B5D0-D200EE53E853}.Release|iPhoneSimulator.Build.0 = Release|Any CPU
		{23DBD5B3-4A02-4C08-B5D0-D200EE53E853}.Release|iPhoneSimulator.Deploy.0 = Release|Any CPU
		{23DBD5B3-4A02-4C08-B5D0-D200EE53E853}.Release|x64.ActiveCfg = Release|x64
		{23DBD5B3-4A02-4C08-B5D0-D200EE53E853}.Release|x64.Build.0 = Release|x64
		{23DBD5B3-4A02-4C08-B5D0-D200EE53E853}.Release|x64.Deploy.0 = Release|x64
		{23DBD5B3-4A02-4C08-B5D0-D200EE53E853}.Release|x86.ActiveCfg = Release|x86
		{23DBD5B3-4A02-4C08-B5D0-D200EE53E853}.Release|x86.Build.0 = Release|x86
		{23DBD5B3-4A02-4C08-B5D0-D200EE53E853}.Release|x86.Deploy.0 = Release|x86
	EndGlobalSection
	GlobalSection(SolutionProperties) = preSolution
		HideSolutionNode = FALSE
	EndGlobalSection
EndGlobal
